{
  "version": "3",
  "packages": {
    "specifiers": {
      "npm:@vitejs/plugin-vue@^4.5.0": "npm:@vitejs/plugin-vue@4.5.2_vite@5.0.10_vue@3.3.13",
      "npm:@vueuse/core@10": "npm:@vueuse/core@10.7.0_vue@3.3.13",
      "npm:@vueuse/core@^10.7.0": "npm:@vueuse/core@10.7.0_vue@3.3.13",
      "npm:vite": "npm:vite@5.0.10",
      "npm:vite@^5.0.0": "npm:vite@5.0.10",
      "npm:vue-router@4": "npm:vue-router@4.2.5_vue@3.3.13",
      "npm:vue@^3.3.8": "npm:vue@3.3.13"
    },
    "npm": {
      "@babel/parser@7.23.6": {
        "integrity": "sha512-Z2uID7YJ7oNvAI20O9X0bblw7Qqs8Q2hFy0R9tAfnfLkp5MW0UH9eUvnDSnFwKZ0AvgS1ucqR4KzvVHgnke1VQ==",
        "dependencies": {}
      },
      "@esbuild/aix-ppc64@0.19.10": {
        "integrity": "sha512-Q+mk96KJ+FZ30h9fsJl+67IjNJm3x2eX+GBWGmocAKgzp27cowCOOqSdscX80s0SpdFXZnIv/+1xD1EctFx96Q==",
        "dependencies": {}
      },
      "@esbuild/android-arm64@0.19.10": {
        "integrity": "sha512-1X4CClKhDgC3by7k8aOWZeBXQX8dHT5QAMCAQDArCLaYfkppoARvh0fit3X2Qs+MXDngKcHv6XXyQCpY0hkK1Q==",
        "dependencies": {}
      },
      "@esbuild/android-arm@0.19.10": {
        "integrity": "sha512-7W0bK7qfkw1fc2viBfrtAEkDKHatYfHzr/jKAHNr9BvkYDXPcC6bodtm8AyLJNNuqClLNaeTLuwURt4PRT9d7w==",
        "dependencies": {}
      },
      "@esbuild/android-x64@0.19.10": {
        "integrity": "sha512-O/nO/g+/7NlitUxETkUv/IvADKuZXyH4BHf/g/7laqKC4i/7whLpB0gvpPc2zpF0q9Q6FXS3TS75QHac9MvVWw==",
        "dependencies": {}
      },
      "@esbuild/darwin-arm64@0.19.10": {
        "integrity": "sha512-YSRRs2zOpwypck+6GL3wGXx2gNP7DXzetmo5pHXLrY/VIMsS59yKfjPizQ4lLt5vEI80M41gjm2BxrGZ5U+VMA==",
        "dependencies": {}
      },
      "@esbuild/darwin-x64@0.19.10": {
        "integrity": "sha512-alfGtT+IEICKtNE54hbvPg13xGBe4GkVxyGWtzr+yHO7HIiRJppPDhOKq3zstTcVf8msXb/t4eavW3jCDpMSmA==",
        "dependencies": {}
      },
      "@esbuild/freebsd-arm64@0.19.10": {
        "integrity": "sha512-dMtk1wc7FSH8CCkE854GyGuNKCewlh+7heYP/sclpOG6Cectzk14qdUIY5CrKDbkA/OczXq9WesqnPl09mj5dg==",
        "dependencies": {}
      },
      "@esbuild/freebsd-x64@0.19.10": {
        "integrity": "sha512-G5UPPspryHu1T3uX8WiOEUa6q6OlQh6gNl4CO4Iw5PS+Kg5bVggVFehzXBJY6X6RSOMS8iXDv2330VzaObm4Ag==",
        "dependencies": {}
      },
      "@esbuild/linux-arm64@0.19.10": {
        "integrity": "sha512-QxaouHWZ+2KWEj7cGJmvTIHVALfhpGxo3WLmlYfJ+dA5fJB6lDEIg+oe/0//FuyVHuS3l79/wyBxbHr0NgtxJQ==",
        "dependencies": {}
      },
      "@esbuild/linux-arm@0.19.10": {
        "integrity": "sha512-j6gUW5aAaPgD416Hk9FHxn27On28H4eVI9rJ4az7oCGTFW48+LcgNDBN+9f8rKZz7EEowo889CPKyeaD0iw9Kg==",
        "dependencies": {}
      },
      "@esbuild/linux-ia32@0.19.10": {
        "integrity": "sha512-4ub1YwXxYjj9h1UIZs2hYbnTZBtenPw5NfXCRgEkGb0b6OJ2gpkMvDqRDYIDRjRdWSe/TBiZltm3Y3Q8SN1xNg==",
        "dependencies": {}
      },
      "@esbuild/linux-loong64@0.19.10": {
        "integrity": "sha512-lo3I9k+mbEKoxtoIbM0yC/MZ1i2wM0cIeOejlVdZ3D86LAcFXFRdeuZmh91QJvUTW51bOK5W2BznGNIl4+mDaA==",
        "dependencies": {}
      },
      "@esbuild/linux-mips64el@0.19.10": {
        "integrity": "sha512-J4gH3zhHNbdZN0Bcr1QUGVNkHTdpijgx5VMxeetSk6ntdt+vR1DqGmHxQYHRmNb77tP6GVvD+K0NyO4xjd7y4A==",
        "dependencies": {}
      },
      "@esbuild/linux-ppc64@0.19.10": {
        "integrity": "sha512-tgT/7u+QhV6ge8wFMzaklOY7KqiyitgT1AUHMApau32ZlvTB/+efeCtMk4eXS+uEymYK249JsoiklZN64xt6oQ==",
        "dependencies": {}
      },
      "@esbuild/linux-riscv64@0.19.10": {
        "integrity": "sha512-0f/spw0PfBMZBNqtKe5FLzBDGo0SKZKvMl5PHYQr3+eiSscfJ96XEknCe+JoOayybWUFQbcJTrk946i3j9uYZA==",
        "dependencies": {}
      },
      "@esbuild/linux-s390x@0.19.10": {
        "integrity": "sha512-pZFe0OeskMHzHa9U38g+z8Yx5FNCLFtUnJtQMpwhS+r4S566aK2ci3t4NCP4tjt6d5j5uo4h7tExZMjeKoehAA==",
        "dependencies": {}
      },
      "@esbuild/linux-x64@0.19.10": {
        "integrity": "sha512-SpYNEqg/6pZYoc+1zLCjVOYvxfZVZj6w0KROZ3Fje/QrM3nfvT2llI+wmKSrWuX6wmZeTapbarvuNNK/qepSgA==",
        "dependencies": {}
      },
      "@esbuild/netbsd-x64@0.19.10": {
        "integrity": "sha512-ACbZ0vXy9zksNArWlk2c38NdKg25+L9pr/mVaj9SUq6lHZu/35nx2xnQVRGLrC1KKQqJKRIB0q8GspiHI3J80Q==",
        "dependencies": {}
      },
      "@esbuild/openbsd-x64@0.19.10": {
        "integrity": "sha512-PxcgvjdSjtgPMiPQrM3pwSaG4kGphP+bLSb+cihuP0LYdZv1epbAIecHVl5sD3npkfYBZ0ZnOjR878I7MdJDFg==",
        "dependencies": {}
      },
      "@esbuild/sunos-x64@0.19.10": {
        "integrity": "sha512-ZkIOtrRL8SEJjr+VHjmW0znkPs+oJXhlJbNwfI37rvgeMtk3sxOQevXPXjmAPZPigVTncvFqLMd+uV0IBSEzqA==",
        "dependencies": {}
      },
      "@esbuild/win32-arm64@0.19.10": {
        "integrity": "sha512-+Sa4oTDbpBfGpl3Hn3XiUe4f8TU2JF7aX8cOfqFYMMjXp6ma6NJDztl5FDG8Ezx0OjwGikIHw+iA54YLDNNVfw==",
        "dependencies": {}
      },
      "@esbuild/win32-ia32@0.19.10": {
        "integrity": "sha512-EOGVLK1oWMBXgfttJdPHDTiivYSjX6jDNaATeNOaCOFEVcfMjtbx7WVQwPSE1eIfCp/CaSF2nSrDtzc4I9f8TQ==",
        "dependencies": {}
      },
      "@esbuild/win32-x64@0.19.10": {
        "integrity": "sha512-whqLG6Sc70AbU73fFYvuYzaE4MNMBIlR1Y/IrUeOXFrWHxBEjjbZaQ3IXIQS8wJdAzue2GwYZCjOrgrU1oUHoA==",
        "dependencies": {}
      },
      "@jridgewell/sourcemap-codec@1.4.15": {
        "integrity": "sha512-eF2rxCRulEKXHTRiDrDy6erMYWqNw4LPdQ8UQA4huuxaQsVeRPFl2oM8oDGxMFhJUWZf9McpLtJasDDZb/Bpeg==",
        "dependencies": {}
      },
      "@rollup/rollup-android-arm-eabi@4.9.1": {
        "integrity": "sha512-6vMdBZqtq1dVQ4CWdhFwhKZL6E4L1dV6jUjuBvsavvNJSppzi6dLBbuV+3+IyUREaj9ZFvQefnQm28v4OCXlig==",
        "dependencies": {}
      },
      "@rollup/rollup-android-arm64@4.9.1": {
        "integrity": "sha512-Jto9Fl3YQ9OLsTDWtLFPtaIMSL2kwGyGoVCmPC8Gxvym9TCZm4Sie+cVeblPO66YZsYH8MhBKDMGZ2NDxuk/XQ==",
        "dependencies": {}
      },
      "@rollup/rollup-darwin-arm64@4.9.1": {
        "integrity": "sha512-LtYcLNM+bhsaKAIGwVkh5IOWhaZhjTfNOkGzGqdHvhiCUVuJDalvDxEdSnhFzAn+g23wgsycmZk1vbnaibZwwA==",
        "dependencies": {}
      },
      "@rollup/rollup-darwin-x64@4.9.1": {
        "integrity": "sha512-KyP/byeXu9V+etKO6Lw3E4tW4QdcnzDG/ake031mg42lob5tN+5qfr+lkcT/SGZaH2PdW4Z1NX9GHEkZ8xV7og==",
        "dependencies": {}
      },
      "@rollup/rollup-linux-arm-gnueabihf@4.9.1": {
        "integrity": "sha512-Yqz/Doumf3QTKplwGNrCHe/B2p9xqDghBZSlAY0/hU6ikuDVQuOUIpDP/YcmoT+447tsZTmirmjgG3znvSCR0Q==",
        "dependencies": {}
      },
      "@rollup/rollup-linux-arm64-gnu@4.9.1": {
        "integrity": "sha512-u3XkZVvxcvlAOlQJ3UsD1rFvLWqu4Ef/Ggl40WAVCuogf4S1nJPHh5RTgqYFpCOvuGJ7H5yGHabjFKEZGExk5Q==",
        "dependencies": {}
      },
      "@rollup/rollup-linux-arm64-musl@4.9.1": {
        "integrity": "sha512-0XSYN/rfWShW+i+qjZ0phc6vZ7UWI8XWNz4E/l+6edFt+FxoEghrJHjX1EY/kcUGCnZzYYRCl31SNdfOi450Aw==",
        "dependencies": {}
      },
      "@rollup/rollup-linux-riscv64-gnu@4.9.1": {
        "integrity": "sha512-LmYIO65oZVfFt9t6cpYkbC4d5lKHLYv5B4CSHRpnANq0VZUQXGcCPXHzbCXCz4RQnx7jvlYB1ISVNCE/omz5cw==",
        "dependencies": {}
      },
      "@rollup/rollup-linux-x64-gnu@4.9.1": {
        "integrity": "sha512-kr8rEPQ6ns/Lmr/hiw8sEVj9aa07gh1/tQF2Y5HrNCCEPiCBGnBUt9tVusrcBBiJfIt1yNaXN6r1CCmpbFEDpg==",
        "dependencies": {}
      },
      "@rollup/rollup-linux-x64-musl@4.9.1": {
        "integrity": "sha512-t4QSR7gN+OEZLG0MiCgPqMWZGwmeHhsM4AkegJ0Kiy6TnJ9vZ8dEIwHw1LcZKhbHxTY32hp9eVCMdR3/I8MGRw==",
        "dependencies": {}
      },
      "@rollup/rollup-win32-arm64-msvc@4.9.1": {
        "integrity": "sha512-7XI4ZCBN34cb+BH557FJPmh0kmNz2c25SCQeT9OiFWEgf8+dL6ZwJ8f9RnUIit+j01u07Yvrsuu1rZGxJCc51g==",
        "dependencies": {}
      },
      "@rollup/rollup-win32-ia32-msvc@4.9.1": {
        "integrity": "sha512-yE5c2j1lSWOH5jp+Q0qNL3Mdhr8WuqCNVjc6BxbVfS5cAS6zRmdiw7ktb8GNpDCEUJphILY6KACoFoRtKoqNQg==",
        "dependencies": {}
      },
      "@rollup/rollup-win32-x64-msvc@4.9.1": {
        "integrity": "sha512-PyJsSsafjmIhVgaI1Zdj7m8BB8mMckFah/xbpplObyHfiXzKcI5UOUXRyOdHW7nz4DpMCuzLnF7v5IWHenCwYA==",
        "dependencies": {}
      },
      "@types/web-bluetooth@0.0.20": {
        "integrity": "sha512-g9gZnnXVq7gM7v3tJCWV/qw7w+KeOlSHAhgF9RytFyifW6AF61hdT2ucrYhPq9hLs5JIryeupHV3qGk95dH9ow==",
        "dependencies": {}
      },
      "@vitejs/plugin-vue@4.5.2_vite@5.0.10_vue@3.3.13": {
        "integrity": "sha512-UGR3DlzLi/SaVBPX0cnSyE37vqxU3O6chn8l0HJNzQzDia6/Au2A4xKv+iIJW8w2daf80G7TYHhi1pAUjdZ0bQ==",
        "dependencies": {
          "vite": "vite@5.0.10",
          "vue": "vue@3.3.13"
        }
      },
      "@vue/compiler-core@3.3.13": {
        "integrity": "sha512-bwi9HShGu7uaZLOErZgsH2+ojsEdsjerbf2cMXPwmvcgZfVPZ2BVZzCVnwZBxTAYd6Mzbmf6izcUNDkWnBBQ6A==",
        "dependencies": {
          "@babel/parser": "@babel/parser@7.23.6",
          "@vue/shared": "@vue/shared@3.3.13",
          "estree-walker": "estree-walker@2.0.2",
          "source-map-js": "source-map-js@1.0.2"
        }
      },
      "@vue/compiler-dom@3.3.13": {
        "integrity": "sha512-EYRDpbLadGtNL0Gph+HoKiYqXLqZ0xSSpR5Dvnu/Ep7ggaCbjRDIus1MMxTS2Qm0koXED4xSlvTZaTnI8cYAsw==",
        "dependencies": {
          "@vue/compiler-core": "@vue/compiler-core@3.3.13",
          "@vue/shared": "@vue/shared@3.3.13"
        }
      },
      "@vue/compiler-sfc@3.3.13": {
        "integrity": "sha512-DQVmHEy/EKIgggvnGRLx21hSqnr1smUS9Aq8tfxiiot8UR0/pXKHN9k78/qQ7etyQTFj5em5nruODON7dBeumw==",
        "dependencies": {
          "@babel/parser": "@babel/parser@7.23.6",
          "@vue/compiler-core": "@vue/compiler-core@3.3.13",
          "@vue/compiler-dom": "@vue/compiler-dom@3.3.13",
          "@vue/compiler-ssr": "@vue/compiler-ssr@3.3.13",
          "@vue/reactivity-transform": "@vue/reactivity-transform@3.3.13",
          "@vue/shared": "@vue/shared@3.3.13",
          "estree-walker": "estree-walker@2.0.2",
          "magic-string": "magic-string@0.30.5",
          "postcss": "postcss@8.4.32",
          "source-map-js": "source-map-js@1.0.2"
        }
      },
      "@vue/compiler-ssr@3.3.13": {
        "integrity": "sha512-d/P3bCeUGmkJNS1QUZSAvoCIW4fkOKK3l2deE7zrp0ypJEy+En2AcypIkqvcFQOcw3F0zt2VfMvNsA9JmExTaw==",
        "dependencies": {
          "@vue/compiler-dom": "@vue/compiler-dom@3.3.13",
          "@vue/shared": "@vue/shared@3.3.13"
        }
      },
      "@vue/devtools-api@6.5.1": {
        "integrity": "sha512-+KpckaAQyfbvshdDW5xQylLni1asvNSGme1JFs8I1+/H5pHEhqUKMEQD/qn3Nx5+/nycBq11qAEi8lk+LXI2dA==",
        "dependencies": {}
      },
      "@vue/reactivity-transform@3.3.13": {
        "integrity": "sha512-oWnydGH0bBauhXvh5KXUy61xr9gKaMbtsMHk40IK9M4gMuKPJ342tKFarY0eQ6jef8906m35q37wwA8DMZOm5Q==",
        "dependencies": {
          "@babel/parser": "@babel/parser@7.23.6",
          "@vue/compiler-core": "@vue/compiler-core@3.3.13",
          "@vue/shared": "@vue/shared@3.3.13",
          "estree-walker": "estree-walker@2.0.2",
          "magic-string": "magic-string@0.30.5"
        }
      },
      "@vue/reactivity@3.3.13": {
        "integrity": "sha512-fjzCxceMahHhi4AxUBzQqqVhuA21RJ0COaWTbIBl1PruGW1CeY97louZzLi4smpYx+CHfFPPU/CS8NybbGvPKQ==",
        "dependencies": {
          "@vue/shared": "@vue/shared@3.3.13"
        }
      },
      "@vue/runtime-core@3.3.13": {
        "integrity": "sha512-1TzA5TvGuh2zUwMJgdfvrBABWZ7y8kBwBhm7BXk8rvdx2SsgcGfz2ruv2GzuGZNvL1aKnK8CQMV/jFOrxNQUMA==",
        "dependencies": {
          "@vue/reactivity": "@vue/reactivity@3.3.13",
          "@vue/shared": "@vue/shared@3.3.13"
        }
      },
      "@vue/runtime-dom@3.3.13": {
        "integrity": "sha512-JJkpE8R/hJKXqVTgUoODwS5wqKtOsmJPEqmp90PDVGygtJ4C0PtOkcEYXwhiVEmef6xeXcIlrT3Yo5aQ4qkHhQ==",
        "dependencies": {
          "@vue/runtime-core": "@vue/runtime-core@3.3.13",
          "@vue/shared": "@vue/shared@3.3.13",
          "csstype": "csstype@3.1.3"
        }
      },
      "@vue/server-renderer@3.3.13_vue@3.3.13": {
        "integrity": "sha512-vSnN+nuf6iSqTL3Qgx/9A+BT+0Zf/VJOgF5uMZrKjYPs38GMYyAU1coDyBNHauehXDaP+zl73VhwWv0vBRBHcg==",
        "dependencies": {
          "@vue/compiler-ssr": "@vue/compiler-ssr@3.3.13",
          "@vue/shared": "@vue/shared@3.3.13",
          "vue": "vue@3.3.13"
        }
      },
      "@vue/shared@3.3.13": {
        "integrity": "sha512-/zYUwiHD8j7gKx2argXEMCUXVST6q/21DFU0sTfNX0URJroCe3b1UF6vLJ3lQDfLNIiiRl2ONp7Nh5UVWS6QnA==",
        "dependencies": {}
      },
      "@vueuse/core@10.7.0_vue@3.3.13": {
        "integrity": "sha512-4EUDESCHtwu44ZWK3Gc/hZUVhVo/ysvdtwocB5vcauSV4B7NiGY5972WnsojB3vRNdxvAt7kzJWE2h9h7C9d5w==",
        "dependencies": {
          "@types/web-bluetooth": "@types/web-bluetooth@0.0.20",
          "@vueuse/metadata": "@vueuse/metadata@10.7.0",
          "@vueuse/shared": "@vueuse/shared@10.7.0_vue@3.3.13",
          "vue-demi": "vue-demi@0.14.6_vue@3.3.13"
        }
      },
      "@vueuse/metadata@10.7.0": {
        "integrity": "sha512-GlaH7tKP2iBCZ3bHNZ6b0cl9g0CJK8lttkBNUX156gWvNYhTKEtbweWLm9rxCPIiwzYcr/5xML6T8ZUEt+DkvA==",
        "dependencies": {}
      },
      "@vueuse/shared@10.7.0_vue@3.3.13": {
        "integrity": "sha512-kc00uV6CiaTdc3i1CDC4a3lBxzaBE9AgYNtFN87B5OOscqeWElj/uza8qVDmk7/U8JbqoONLbtqiLJ5LGRuqlw==",
        "dependencies": {
          "vue-demi": "vue-demi@0.14.6_vue@3.3.13"
        }
      },
      "csstype@3.1.3": {
        "integrity": "sha512-M1uQkMl8rQK/szD0LNhtqxIPLpimGm8sOBwU7lLnCpSbTyY3yeU1Vc7l4KT5zT4s/yOxHH5O7tIuuLOCnLADRw==",
        "dependencies": {}
      },
      "esbuild@0.19.10": {
        "integrity": "sha512-S1Y27QGt/snkNYrRcswgRFqZjaTG5a5xM3EQo97uNBnH505pdzSNe/HLBq1v0RO7iK/ngdbhJB6mDAp0OK+iUA==",
        "dependencies": {
          "@esbuild/aix-ppc64": "@esbuild/aix-ppc64@0.19.10",
          "@esbuild/android-arm": "@esbuild/android-arm@0.19.10",
          "@esbuild/android-arm64": "@esbuild/android-arm64@0.19.10",
          "@esbuild/android-x64": "@esbuild/android-x64@0.19.10",
          "@esbuild/darwin-arm64": "@esbuild/darwin-arm64@0.19.10",
          "@esbuild/darwin-x64": "@esbuild/darwin-x64@0.19.10",
          "@esbuild/freebsd-arm64": "@esbuild/freebsd-arm64@0.19.10",
          "@esbuild/freebsd-x64": "@esbuild/freebsd-x64@0.19.10",
          "@esbuild/linux-arm": "@esbuild/linux-arm@0.19.10",
          "@esbuild/linux-arm64": "@esbuild/linux-arm64@0.19.10",
          "@esbuild/linux-ia32": "@esbuild/linux-ia32@0.19.10",
          "@esbuild/linux-loong64": "@esbuild/linux-loong64@0.19.10",
          "@esbuild/linux-mips64el": "@esbuild/linux-mips64el@0.19.10",
          "@esbuild/linux-ppc64": "@esbuild/linux-ppc64@0.19.10",
          "@esbuild/linux-riscv64": "@esbuild/linux-riscv64@0.19.10",
          "@esbuild/linux-s390x": "@esbuild/linux-s390x@0.19.10",
          "@esbuild/linux-x64": "@esbuild/linux-x64@0.19.10",
          "@esbuild/netbsd-x64": "@esbuild/netbsd-x64@0.19.10",
          "@esbuild/openbsd-x64": "@esbuild/openbsd-x64@0.19.10",
          "@esbuild/sunos-x64": "@esbuild/sunos-x64@0.19.10",
          "@esbuild/win32-arm64": "@esbuild/win32-arm64@0.19.10",
          "@esbuild/win32-ia32": "@esbuild/win32-ia32@0.19.10",
          "@esbuild/win32-x64": "@esbuild/win32-x64@0.19.10"
        }
      },
      "estree-walker@2.0.2": {
        "integrity": "sha512-Rfkk/Mp/DL7JVje3u18FxFujQlTNR2q6QfMSMB7AvCBx91NGj/ba3kCfza0f6dVDbw7YlRf/nDrn7pQrCCyQ/w==",
        "dependencies": {}
      },
      "fsevents@2.3.3": {
        "integrity": "sha512-5xoDfX+fL7faATnagmWPpbFtwh/R77WmMMqqHGS65C3vvB0YHrgF+B1YmZ3441tMj5n63k0212XNoJwzlhffQw==",
        "dependencies": {}
      },
      "magic-string@0.30.5": {
        "integrity": "sha512-7xlpfBaQaP/T6Vh8MO/EqXSW5En6INHEvEXQiuff7Gku0PWjU3uf6w/j9o7O+SpB5fOAkrI5HeoNgwjEO0pFsA==",
        "dependencies": {
          "@jridgewell/sourcemap-codec": "@jridgewell/sourcemap-codec@1.4.15"
        }
      },
      "nanoid@3.3.7": {
        "integrity": "sha512-eSRppjcPIatRIMC1U6UngP8XFcz8MQWGQdt1MTBQ7NaAmvXDfvNxbvWV3x2y6CdEUciCSsDHDQZbhYaB8QEo2g==",
        "dependencies": {}
      },
      "picocolors@1.0.0": {
        "integrity": "sha512-1fygroTLlHu66zi26VoTDv8yRgm0Fccecssto+MhsZ0D/DGW2sm8E8AjW7NU5VVTRt5GxbeZ5qBuJr+HyLYkjQ==",
        "dependencies": {}
      },
      "postcss@8.4.32": {
        "integrity": "sha512-D/kj5JNu6oo2EIy+XL/26JEDTlIbB8hw85G8StOE6L74RQAVVP5rej6wxCNqyMbR4RkPfqvezVbPw81Ngd6Kcw==",
        "dependencies": {
          "nanoid": "nanoid@3.3.7",
          "picocolors": "picocolors@1.0.0",
          "source-map-js": "source-map-js@1.0.2"
        }
      },
      "rollup@4.9.1": {
        "integrity": "sha512-pgPO9DWzLoW/vIhlSoDByCzcpX92bKEorbgXuZrqxByte3JFk2xSW2JEeAcyLc9Ru9pqcNNW+Ob7ntsk2oT/Xw==",
        "dependencies": {
          "@rollup/rollup-android-arm-eabi": "@rollup/rollup-android-arm-eabi@4.9.1",
          "@rollup/rollup-android-arm64": "@rollup/rollup-android-arm64@4.9.1",
          "@rollup/rollup-darwin-arm64": "@rollup/rollup-darwin-arm64@4.9.1",
          "@rollup/rollup-darwin-x64": "@rollup/rollup-darwin-x64@4.9.1",
          "@rollup/rollup-linux-arm-gnueabihf": "@rollup/rollup-linux-arm-gnueabihf@4.9.1",
          "@rollup/rollup-linux-arm64-gnu": "@rollup/rollup-linux-arm64-gnu@4.9.1",
          "@rollup/rollup-linux-arm64-musl": "@rollup/rollup-linux-arm64-musl@4.9.1",
          "@rollup/rollup-linux-riscv64-gnu": "@rollup/rollup-linux-riscv64-gnu@4.9.1",
          "@rollup/rollup-linux-x64-gnu": "@rollup/rollup-linux-x64-gnu@4.9.1",
          "@rollup/rollup-linux-x64-musl": "@rollup/rollup-linux-x64-musl@4.9.1",
          "@rollup/rollup-win32-arm64-msvc": "@rollup/rollup-win32-arm64-msvc@4.9.1",
          "@rollup/rollup-win32-ia32-msvc": "@rollup/rollup-win32-ia32-msvc@4.9.1",
          "@rollup/rollup-win32-x64-msvc": "@rollup/rollup-win32-x64-msvc@4.9.1",
          "fsevents": "fsevents@2.3.3"
        }
      },
      "source-map-js@1.0.2": {
        "integrity": "sha512-R0XvVJ9WusLiqTCEiGCmICCMplcCkIwwR11mOSD9CR5u+IXYdiseeEuXCVAjS54zqwkLcPNnmU4OeJ6tUrWhDw==",
        "dependencies": {}
      },
      "vite@5.0.10": {
        "integrity": "sha512-2P8J7WWgmc355HUMlFrwofacvr98DAjoE52BfdbwQtyLH06XKwaL/FMnmKM2crF0iX4MpmMKoDlNCB1ok7zHCw==",
        "dependencies": {
          "esbuild": "esbuild@0.19.10",
          "fsevents": "fsevents@2.3.3",
          "postcss": "postcss@8.4.32",
          "rollup": "rollup@4.9.1"
        }
      },
      "vue-demi@0.14.6_vue@3.3.13": {
        "integrity": "sha512-8QA7wrYSHKaYgUxDA5ZC24w+eHm3sYCbp0EzcDwKqN3p6HqtTCGR/GVsPyZW92unff4UlcSh++lmqDWN3ZIq4w==",
        "dependencies": {
          "vue": "vue@3.3.13"
        }
      },
      "vue-router@4.2.5_vue@3.3.13": {
        "integrity": "sha512-DIUpKcyg4+PTQKfFPX88UWhlagBEBEfJ5A8XDXRJLUnZOvcpMF8o/dnL90vpVkGaPbjvXazV/rC1qBKrZlFugw==",
        "dependencies": {
          "@vue/devtools-api": "@vue/devtools-api@6.5.1",
          "vue": "vue@3.3.13"
        }
      },
      "vue@3.3.13": {
        "integrity": "sha512-LDnUpQvDgsfc0u/YgtAgTMXJlJQqjkxW1PVcOnJA5cshPleULDjHi7U45pl2VJYazSSvLH8UKcid/kzH8I0a0Q==",
        "dependencies": {
          "@vue/compiler-dom": "@vue/compiler-dom@3.3.13",
          "@vue/compiler-sfc": "@vue/compiler-sfc@3.3.13",
          "@vue/runtime-dom": "@vue/runtime-dom@3.3.13",
          "@vue/server-renderer": "@vue/server-renderer@3.3.13_vue@3.3.13",
          "@vue/shared": "@vue/shared@3.3.13"
        }
      }
    }
  },
  "redirects": {
    "https://deno.land/x/dax/mod.ts": "https://deno.land/x/dax@0.36.0/mod.ts"
  },
  "remote": {
    "https://deno.land/std@0.209.0/assert/assert.ts": "e265ad50a9341f3b40e51dd4cb41ab253d976943ba78a977106950e52e0302ab",
    "https://deno.land/std@0.209.0/assert/assertion_error.ts": "26ed1863d905005f00785c89750c001c3522c5417e4f58f95044b8143cfc1593",
    "https://deno.land/std@0.209.0/cli/parse_args.ts": "9bea02050b3f302e706871ff87ecfa3ad82cc34249adbe0dcddfaac75bdb48ff",
    "https://deno.land/std@0.209.0/encoding/_util.ts": "f368920189c4fe6592ab2e93bd7ded8f3065b84f95cd3e036a4a10a75649dcba",
    "https://deno.land/std@0.209.0/encoding/base64.ts": "d31eb3c0b6003daa188a86074603d721d572f927c72ad6cd008145c0d42063ab",
    "https://deno.land/std@0.209.0/fmt/bytes.ts": "f29cf69e0791d375f9f5d94ae1f0641e5a03b975f32ddf86d70f70fdf37e7b6a",
    "https://deno.land/std@0.209.0/fmt/colors.ts": "34b3f77432925eb72cf0bfb351616949746768620b8e5ead66da532f93d10ba2",
    "https://deno.land/std@0.209.0/http/etag.ts": "259abf65316c728660e34a100dcb07a1303c37ab6ca3d4ee068503c18b4358b0",
    "https://deno.land/std@0.209.0/http/file_server.ts": "8a2035a1130fab717a103375d85bf99b25ee27bede8d5a4b3ead2ece24de8b6e",
    "https://deno.land/std@0.209.0/http/status.ts": "a1b712248767f486c7403b7c06ac2bf0dd2d42abdc4253aa858433464aa62ca9",
    "https://deno.land/std@0.209.0/media_types/_db.ts": "7606d83e31f23ce1a7968cbaee852810c2cf477903a095696cdc62eaab7ce570",
    "https://deno.land/std@0.209.0/media_types/_util.ts": "0879b04cc810ff18d3dcd97d361e03c9dfb29f67d7fc4a9c6c9d387282ef5fe8",
    "https://deno.land/std@0.209.0/media_types/content_type.ts": "86a618b6db1c722859968f416d38028722a4be333e3e69e738f017a74149316b",
    "https://deno.land/std@0.209.0/media_types/format_media_type.ts": "f5e1073c05526a6f5a516ac5c5587a1abd043bf1039c71cde1166aa4328c8baf",
    "https://deno.land/std@0.209.0/media_types/get_charset.ts": "18b88274796fda5d353806bf409eb1d2ddb3f004eb4bd311662c4cdd8ac173db",
    "https://deno.land/std@0.209.0/media_types/parse_media_type.ts": "31ccf2388ffab31b49500bb89fa0f5de189c8897e2ee6c9954f207637d488211",
    "https://deno.land/std@0.209.0/media_types/type_by_extension.ts": "daa801eb0f11cdf199445d0f1b656cf116d47dcf9e5b85cc1e6b4469f5ee0432",
    "https://deno.land/std@0.209.0/media_types/vendor/mime-db.v1.52.0.ts": "6925bbcae81ca37241e3f55908d0505724358cda3384eaea707773b2c7e99586",
    "https://deno.land/std@0.209.0/path/_common/assert_path.ts": "061e4d093d4ba5aebceb2c4da3318bfe3289e868570e9d3a8e327d91c2958946",
    "https://deno.land/std@0.209.0/path/_common/basename.ts": "0d978ff818f339cd3b1d09dc914881f4d15617432ae519c1b8fdc09ff8d3789a",
    "https://deno.land/std@0.209.0/path/_common/common.ts": "9e4233b2eeb50f8b2ae10ecc2108f58583aea6fd3e8907827020282dc2b76143",
    "https://deno.land/std@0.209.0/path/_common/constants.ts": "e49961f6f4f48039c0dfed3c3f93e963ca3d92791c9d478ac5b43183413136e0",
    "https://deno.land/std@0.209.0/path/_common/dirname.ts": "2ba7fb4cc9fafb0f38028f434179579ce61d4d9e51296fad22b701c3d3cd7397",
    "https://deno.land/std@0.209.0/path/_common/format.ts": "11aa62e316dfbf22c126917f5e03ea5fe2ee707386555a8f513d27ad5756cf96",
    "https://deno.land/std@0.209.0/path/_common/from_file_url.ts": "ef1bf3197d2efbf0297a2bdbf3a61d804b18f2bcce45548ae112313ec5be3c22",
    "https://deno.land/std@0.209.0/path/_common/glob_to_reg_exp.ts": "50386887d6041f15741d0013a703ee63ef673983d465d3a0c9c190e95f8da4fe",
    "https://deno.land/std@0.209.0/path/_common/normalize.ts": "2ba7fb4cc9fafb0f38028f434179579ce61d4d9e51296fad22b701c3d3cd7397",
    "https://deno.land/std@0.209.0/path/_common/normalize_string.ts": "88c472f28ae49525f9fe82de8c8816d93442d46a30d6bb5063b07ff8a89ff589",
    "https://deno.land/std@0.209.0/path/_common/relative.ts": "1af19d787a2a84b8c534cc487424fe101f614982ae4851382c978ab2216186b4",
    "https://deno.land/std@0.209.0/path/_common/strip_trailing_separators.ts": "7ffc7c287e97bdeeee31b155828686967f222cd73f9e5780bfe7dfb1b58c6c65",
    "https://deno.land/std@0.209.0/path/_common/to_file_url.ts": "a8cdd1633bc9175b7eebd3613266d7c0b6ae0fb0cff24120b6092ac31662f9ae",
    "https://deno.land/std@0.209.0/path/_interface.ts": "6471159dfbbc357e03882c2266d21ef9afdb1e4aa771b0545e90db58a0ba314b",
    "https://deno.land/std@0.209.0/path/_os.ts": "30b0c2875f360c9296dbe6b7f2d528f0f9c741cecad2e97f803f5219e91b40a2",
    "https://deno.land/std@0.209.0/path/basename.ts": "04bb5ef3e86bba8a35603b8f3b69537112cdd19ce64b77f2522006da2977a5f3",
    "https://deno.land/std@0.209.0/path/common.ts": "f4d061c7d0b95a65c2a1a52439edec393e906b40f1caf4604c389fae7caa80f5",
    "https://deno.land/std@0.209.0/path/dirname.ts": "88a0a71c21debafc4da7a4cd44fd32e899462df458fbca152390887d41c40361",
    "https://deno.land/std@0.209.0/path/extname.ts": "2da4e2490f3b48b7121d19fb4c91681a5e11bd6bd99df4f6f47d7a71bb6ecdf2",
    "https://deno.land/std@0.209.0/path/format.ts": "3457530cc85d1b4bab175f9ae73998b34fd456c830d01883169af0681b8894fb",
    "https://deno.land/std@0.209.0/path/from_file_url.ts": "e7fa233ea1dff9641e8d566153a24d95010110185a6f418dd2e32320926043f8",
    "https://deno.land/std@0.209.0/path/glob_to_regexp.ts": "74d7448c471e293d03f05ccb968df4365fed6aaa508506b6325a8efdc01d8271",
    "https://deno.land/std@0.209.0/path/is_absolute.ts": "67232b41b860571c5b7537f4954c88d86ae2ba45e883ee37d3dec27b74909d13",
    "https://deno.land/std@0.209.0/path/is_glob.ts": "567dce5c6656bdedfc6b3ee6c0833e1e4db2b8dff6e62148e94a917f289c06ad",
    "https://deno.land/std@0.209.0/path/join.ts": "98d3d76c819af4a11a81d5ba2dbb319f1ce9d63fc2b615597d4bcfddd4a89a09",
    "https://deno.land/std@0.209.0/path/join_globs.ts": "9b84d5103b63d3dbed4b2cf8b12477b2ad415c7d343f1488505162dc0e5f4db8",
    "https://deno.land/std@0.209.0/path/mod.ts": "3defabebc98279e62b392fee7a6937adc932a8f4dcd2471441e36c15b97b00e0",
    "https://deno.land/std@0.209.0/path/normalize.ts": "aa95be9a92c7bd4f9dc0ba51e942a1973e2b93d266cd74f5ca751c136d520b66",
    "https://deno.land/std@0.209.0/path/normalize_glob.ts": "674baa82e1c00b6cb153bbca36e06f8e0337cb8062db6d905ab5de16076ca46b",
    "https://deno.land/std@0.209.0/path/parse.ts": "d87ff0deef3fb495bc0d862278ff96da5a06acf0625ca27769fc52ac0d3d6ece",
    "https://deno.land/std@0.209.0/path/posix/_util.ts": "ecf49560fedd7dd376c6156cc5565cad97c1abe9824f4417adebc7acc36c93e5",
    "https://deno.land/std@0.209.0/path/posix/basename.ts": "a630aeb8fd8e27356b1823b9dedd505e30085015407caa3396332752f6b8406a",
    "https://deno.land/std@0.209.0/path/posix/common.ts": "e781d395dc76f6282e3f7dd8de13194abb8b04a82d109593141abc6e95755c8b",
    "https://deno.land/std@0.209.0/path/posix/dirname.ts": "f48c9c42cc670803b505478b7ef162c7cfa9d8e751b59d278b2ec59470531472",
    "https://deno.land/std@0.209.0/path/posix/extname.ts": "ee7f6571a9c0a37f9218fbf510c440d1685a7c13082c348d701396cc795e0be0",
    "https://deno.land/std@0.209.0/path/posix/format.ts": "b94876f77e61bfe1f147d5ccb46a920636cd3cef8be43df330f0052b03875968",
    "https://deno.land/std@0.209.0/path/posix/from_file_url.ts": "b97287a83e6407ac27bdf3ab621db3fccbf1c27df0a1b1f20e1e1b5acf38a379",
    "https://deno.land/std@0.209.0/path/posix/glob_to_regexp.ts": "6ed00c71fbfe0ccc35977c35444f94e82200b721905a60bd1278b1b768d68b1a",
    "https://deno.land/std@0.209.0/path/posix/is_absolute.ts": "159900a3422d11069d48395568217eb7fc105ceda2683d03d9b7c0f0769e01b8",
    "https://deno.land/std@0.209.0/path/posix/is_glob.ts": "ec4fbc604b9db8487f7b56ab0e759b24a971ab6a45f7b0b698bc39b8b9f9680f",
    "https://deno.land/std@0.209.0/path/posix/join.ts": "0c0d84bdc344876930126640011ec1b888e6facf74153ffad9ef26813aa2a076",
    "https://deno.land/std@0.209.0/path/posix/join_globs.ts": "f4838d54b1f60a34a40625a3293f6e583135348be1b2974341ac04743cb26121",
    "https://deno.land/std@0.209.0/path/posix/mod.ts": "f1b08a7f64294b7de87fc37190d63b6ce5b02889af9290c9703afe01951360ae",
    "https://deno.land/std@0.209.0/path/posix/normalize.ts": "11de90a94ab7148cc46e5a288f7d732aade1d616bc8c862f5560fa18ff987b4b",
    "https://deno.land/std@0.209.0/path/posix/normalize_glob.ts": "10a1840c628ebbab679254d5fa1c20e59106102354fb648a1765aed72eb9f3f9",
    "https://deno.land/std@0.209.0/path/posix/parse.ts": "199208f373dd93a792e9c585352bfc73a6293411bed6da6d3bc4f4ef90b04c8e",
    "https://deno.land/std@0.209.0/path/posix/relative.ts": "e2f230608b0f083e6deaa06e063943e5accb3320c28aef8d87528fbb7fe6504c",
    "https://deno.land/std@0.209.0/path/posix/resolve.ts": "51579d83159d5c719518c9ae50812a63959bbcb7561d79acbdb2c3682236e285",
    "https://deno.land/std@0.209.0/path/posix/separator.ts": "0b6573b5f3269a3164d8edc9cefc33a02dd51003731c561008c8bb60220ebac1",
    "https://deno.land/std@0.209.0/path/posix/to_file_url.ts": "08d43ea839ee75e9b8b1538376cfe95911070a655cd312bc9a00f88ef14967b6",
    "https://deno.land/std@0.209.0/path/posix/to_namespaced_path.ts": "c9228a0e74fd37e76622cd7b142b8416663a9b87db643302fa0926b5a5c83bdc",
    "https://deno.land/std@0.209.0/path/relative.ts": "23d45ede8b7ac464a8299663a43488aad6b561414e7cbbe4790775590db6349c",
    "https://deno.land/std@0.209.0/path/resolve.ts": "5b184efc87155a0af9fa305ff68a109e28de9aee81fc3e77cd01380f19daf867",
    "https://deno.land/std@0.209.0/path/separator.ts": "40a3e9a4ad10bef23bc2cd6c610291b6c502a06237c2c4cd034a15ca78dedc1f",
    "https://deno.land/std@0.209.0/path/to_file_url.ts": "edaafa089e0bce386e1b2d47afe7c72e379ff93b28a5829a5885e4b6c626d864",
    "https://deno.land/std@0.209.0/path/to_namespaced_path.ts": "cf8734848aac3c7527d1689d2adf82132b1618eff3cc523a775068847416b22a",
    "https://deno.land/std@0.209.0/path/windows/_util.ts": "f32b9444554c8863b9b4814025c700492a2b57ff2369d015360970a1b1099d54",
    "https://deno.land/std@0.209.0/path/windows/basename.ts": "8a9dbf7353d50afbc5b221af36c02a72c2d1b2b5b9f7c65bf6a5a2a0baf88ad3",
    "https://deno.land/std@0.209.0/path/windows/common.ts": "e781d395dc76f6282e3f7dd8de13194abb8b04a82d109593141abc6e95755c8b",
    "https://deno.land/std@0.209.0/path/windows/dirname.ts": "5c2aa541384bf0bd9aca821275d2a8690e8238fa846198ef5c7515ce31a01a94",
    "https://deno.land/std@0.209.0/path/windows/extname.ts": "07f4fa1b40d06a827446b3e3bcc8d619c5546b079b8ed0c77040bbef716c7614",
    "https://deno.land/std@0.209.0/path/windows/format.ts": "343019130d78f172a5c49fdc7e64686a7faf41553268961e7b6c92a6d6548edf",
    "https://deno.land/std@0.209.0/path/windows/from_file_url.ts": "d53335c12b0725893d768be3ac6bf0112cc5b639d2deb0171b35988493b46199",
    "https://deno.land/std@0.209.0/path/windows/glob_to_regexp.ts": "290755e18ec6c1a4f4d711c3390537358e8e3179581e66261a0cf348b1a13395",
    "https://deno.land/std@0.209.0/path/windows/is_absolute.ts": "245b56b5f355ede8664bd7f080c910a97e2169972d23075554ae14d73722c53c",
    "https://deno.land/std@0.209.0/path/windows/is_glob.ts": "ec4fbc604b9db8487f7b56ab0e759b24a971ab6a45f7b0b698bc39b8b9f9680f",
    "https://deno.land/std@0.209.0/path/windows/join.ts": "e6600bf88edeeef4e2276e155b8de1d5dec0435fd526ba2dc4d37986b2882f16",
    "https://deno.land/std@0.209.0/path/windows/join_globs.ts": "f4838d54b1f60a34a40625a3293f6e583135348be1b2974341ac04743cb26121",
    "https://deno.land/std@0.209.0/path/windows/mod.ts": "d7040f461465c2c21c1c68fc988ef0bdddd499912138cde3abf6ad60c7fb3814",
    "https://deno.land/std@0.209.0/path/windows/normalize.ts": "9deebbf40c81ef540b7b945d4ccd7a6a2c5a5992f791e6d3377043031e164e69",
    "https://deno.land/std@0.209.0/path/windows/normalize_glob.ts": "344ff5ed45430495b9a3d695567291e50e00b1b3b04ea56712a2acf07ab5c128",
    "https://deno.land/std@0.209.0/path/windows/parse.ts": "120faf778fe1f22056f33ded069b68e12447668fcfa19540c0129561428d3ae5",
    "https://deno.land/std@0.209.0/path/windows/relative.ts": "026855cd2c36c8f28f1df3c6fbd8f2449a2aa21f48797a74700c5d872b86d649",
    "https://deno.land/std@0.209.0/path/windows/resolve.ts": "5ff441ab18a2346abadf778121128ee71bda4d0898513d4639a6ca04edca366b",
    "https://deno.land/std@0.209.0/path/windows/separator.ts": "ae21f27015f10510ed1ac4a0ba9c4c9c967cbdd9d9e776a3e4967553c397bd5d",
    "https://deno.land/std@0.209.0/path/windows/to_file_url.ts": "8e9ea9e1ff364aa06fa72999204229952d0a279dbb876b7b838b2b2fea55cce3",
    "https://deno.land/std@0.209.0/path/windows/to_namespaced_path.ts": "e0f4d4a5e77f28a5708c1a33ff24360f35637ba6d8f103d19661255ef7bfd50d",
    "https://deno.land/std@0.209.0/streams/byte_slice_stream.ts": "ecf523d7ff665d554100de981058c60f5207ab718319244f7c742d9e1194fa64",
    "https://deno.land/std@0.209.0/version.ts": "6d941038078dd4970fbfe4f7cf92458aaf10519d9ab0610183e36462adffcaba"
  }
}
